github.com/McShelby/hugo-theme-relearn v0.0.0-20240912201755-d5a0ee04ad98 h1:l4bZTr5Px7N8KSVZ3sYxYzCoQ/bYq0fzGcY1n2fkGzg=
github.com/McShelby/hugo-theme-relearn v0.0.0-20240912201755-d5a0ee04ad98/go.mod h1:mKQQdxZNIlLvAj8X3tMq+RzntIJSr9z7XdzuMomt0IM=
github.com/colinwilson/lotusdocs v0.1.0 h1:oTC8pAYQp9XDNaUwE4SEY+id3ByNELxIIFrktYEGxYA=
github.com/colinwilson/lotusdocs v0.1.0/go.mod h1:9zu2REJDi+zdPRcR5/bRYSUR7gkNF4NQLvV38SEoCP8=
github.com/gohugoio/hugo-mod-bootstrap-scss/v5 v5.20300.20200 h1:SmpwwN3DNzJWbV+IT8gaFu07ENUFpCvKou5BHYUKuVs=
github.com/gohugoio/hugo-mod-bootstrap-scss/v5 v5.20300.20200/go.mod h1:kx8MBj9T7SFR8ZClWvKZPmmUxBaltkoXvnWlZZcSnYA=
github.com/gohugoio/hugo-mod-jslibs-dist/popperjs/v2 v2.21100.20000/go.mod h1:mFberT6ZtcchrsDtfvJM7aAH2bDKLdOnruUHl0hlapI=
github.com/thingsym/hugo-theme-techdoc v1.0.1 h1:YesixDLh7bRLFpcoyqflL3KUA+VFFw4l/9g/PuRHa4M=
github.com/thingsym/hugo-theme-techdoc v1.0.1/go.mod h1:LTThnoCpG8nsum5q10OLrG1LdJNI3BXzV4Qr557cmAY=
github.com/twbs/bootstrap v5.3.2+incompatible/go.mod h1:fZTSrkpSf0/HkL0IIJzvVspTt1r9zuf7XlZau8kpcY0=
github.com/willfaught/paige v0.92.0 h1:6vW2y31Z9Kf2l0M1U56GmqXz3ldtFU66rtaA4RGqXT0=
github.com/willfaught/paige v0.92.0/go.mod h1:0Nt8ifl7UVYQIBaMtpZmg+BrQHHzFNqKcrBoA2Oo4/E=
